// !$*UTF8*$!
{
	archiveVersion = 1;
	classes = {
	};
	objectVersion = 46;
	objects = {

/* Begin PBXBuildFile section */
		3D86730B1BB7827B00B04A97 /* AppDelegate.swift in Sources */ = {isa = PBXBuildFile; fileRef = 3D86730A1BB7827B00B04A97 /* AppDelegate.swift */; };
		3D86730D1BB7827B00B04A97 /* ViewController.swift in Sources */ = {isa = PBXBuildFile; fileRef = 3D86730C1BB7827B00B04A97 /* ViewController.swift */; };
		3D8673101BB7827B00B04A97 /* Main.storyboard in Resources */ = {isa = PBXBuildFile; fileRef = 3D86730E1BB7827B00B04A97 /* Main.storyboard */; };
		3D8673121BB7827B00B04A97 /* Assets.xcassets in Resources */ = {isa = PBXBuildFile; fileRef = 3D8673111BB7827B00B04A97 /* Assets.xcassets */; };
		3D8673151BB7827B00B04A97 /* LaunchScreen.storyboard in Resources */ = {isa = PBXBuildFile; fileRef = 3D8673131BB7827B00B04A97 /* LaunchScreen.storyboard */; };
		3D8673201BB7827B00B04A97 /* AppCodaSocialFrameworkTutorialTests.swift in Sources */ = {isa = PBXBuildFile; fileRef = 3D86731F1BB7827B00B04A97 /* AppCodaSocialFrameworkTutorialTests.swift */; };
		3D86732B1BB7827B00B04A97 /* AppCodaSocialFrameworkTutorialUITests.swift in Sources */ = {isa = PBXBuildFile; fileRef = 3D86732A1BB7827B00B04A97 /* AppCodaSocialFrameworkTutorialUITests.swift */; };
		3D8673391BB784A000B04A97 /* Social.framework in Frameworks */ = {isa = PBXBuildFile; fileRef = 3D8673381BB784A000B04A97 /* Social.framework */; };
/* End PBXBuildFile section */

/* Begin PBXContainerItemProxy section */
		3D86731C1BB7827B00B04A97 /* PBXContainerItemProxy */ = {
			isa = PBXContainerItemProxy;
			containerPortal = 3D8672FF1BB7827B00B04A97 /* Project object */;
			proxyType = 1;
			remoteGlobalIDString = 3D8673061BB7827B00B04A97;
			remoteInfo = AppCodaSocialFrameworkTutorial;
		};
		3D8673271BB7827B00B04A97 /* PBXContainerItemProxy */ = {
			isa = PBXContainerItemProxy;
			containerPortal = 3D8672FF1BB7827B00B04A97 /* Project object */;
			proxyType = 1;
			remoteGlobalIDString = 3D8673061BB7827B00B04A97;
			remoteInfo = AppCodaSocialFrameworkTutorial;
		};
/* End PBXContainerItemProxy section */

/* Begin PBXFileReference section */
		3D8673071BB7827B00B04A97 /* AppCodaSocialFrameworkTutorial.app */ = {isa = PBXFileReference; explicitFileType = wrapper.application; includeInIndex = 0; path = AppCodaSocialFrameworkTutorial.app; sourceTree = BUILT_PRODUCTS_DIR; };
		3D86730A1BB7827B00B04A97 /* AppDelegate.swift */ = {isa = PBXFileReference; lastKnownFileType = sourcecode.swift; path = AppDelegate.swift; sourceTree = "<group>"; };
		3D86730C1BB7827B00B04A97 /* ViewController.swift */ = {isa = PBXFileReference; lastKnownFileType = sourcecode.swift; path = ViewController.swift; sourceTree = "<group>"; };
		3D86730F1BB7827B00B04A97 /* Base */ = {isa = PBXFileReference; lastKnownFileType = file.storyboard; name = Base; path = Base.lproj/Main.storyboard; sourceTree = "<group>"; };
		3D8673111BB7827B00B04A97 /* Assets.xcassets */ = {isa = PBXFileReference; lastKnownFileType = folder.assetcatalog; path = Assets.xcassets; sourceTree = "<group>"; };
		3D8673141BB7827B00B04A97 /* Base */ = {isa = PBXFileReference; lastKnownFileType = file.storyboard; name = Base; path = Base.lproj/LaunchScreen.storyboard; sourceTree = "<group>"; };
		3D8673161BB7827B00B04A97 /* Info.plist */ = {isa = PBXFileReference; lastKnownFileType = text.plist.xml; path = Info.plist; sourceTree = "<group>"; };
		3D86731B1BB7827B00B04A97 /* AppCodaSocialFrameworkTutorialTests.xctest */ = {isa = PBXFileReference; explicitFileType = wrapper.cfbundle; includeInIndex = 0; path = AppCodaSocialFrameworkTutorialTests.xctest; sourceTree = BUILT_PRODUCTS_DIR; };
		3D86731F1BB7827B00B04A97 /* AppCodaSocialFrameworkTutorialTests.swift */ = {isa = PBXFileReference; lastKnownFileType = sourcecode.swift; path = AppCodaSocialFrameworkTutorialTests.swift; sourceTree = "<group>"; };
		3D8673211BB7827B00B04A97 /* Info.plist */ = {isa = PBXFileReference; lastKnownFileType = text.plist.xml; path = Info.plist; sourceTree = "<group>"; };
		3D8673261BB7827B00B04A97 /* AppCodaSocialFrameworkTutorialUITests.xctest */ = {isa = PBXFileReference; explicitFileType = wrapper.cfbundle; includeInIndex = 0; path = AppCodaSocialFrameworkTutorialUITests.xctest; sourceTree = BUILT_PRODUCTS_DIR; };
		3D86732A1BB7827B00B04A97 /* AppCodaSocialFrameworkTutorialUITests.swift */ = {isa = PBXFileReference; lastKnownFileType = sourcecode.swift; path = AppCodaSocialFrameworkTutorialUITests.swift; sourceTree = "<group>"; };
		3D86732C1BB7827B00B04A97 /* Info.plist */ = {isa = PBXFileReference; lastKnownFileType = text.plist.xml; path = Info.plist; sourceTree = "<group>"; };
		3D8673381BB784A000B04A97 /* Social.framework */ = {isa = PBXFileReference; lastKnownFileType = wrapper.framework; name = Social.framework; path = System/Library/Frameworks/Social.framework; sourceTree = SDKROOT; };
/* End PBXFileReference section */

/* Begin PBXFrameworksBuildPhase section */
		3D8673041BB7827B00B04A97 /* Frameworks */ = {
			isa = PBXFrameworksBuildPhase;
			buildActionMask = 2147483647;
			files = (
				3D8673391BB784A000B04A97 /* Social.framework in Frameworks */,
			);
			runOnlyForDeploymentPostprocessing = 0;
		};
		3D8673181BB7827B00B04A97 /* Frameworks */ = {
			isa = PBXFrameworksBuildPhase;
			buildActionMask = 2147483647;
			files = (
			);
			runOnlyForDeploymentPostprocessing = 0;
		};
		3D8673231BB7827B00B04A97 /* Frameworks */ = {
			isa = PBXFrameworksBuildPhase;
			buildActionMask = 2147483647;
			files = (
			);
			runOnlyForDeploymentPostprocessing = 0;
		};
/* End PBXFrameworksBuildPhase section */

/* Begin PBXGroup section */
		3D8672FE1BB7827B00B04A97 = {
			isa = PBXGroup;
			children = (
				3D8673381BB784A000B04A97 /* Social.framework */,
				3D8673091BB7827B00B04A97 /* AppCodaSocialFrameworkTutorial */,
				3D86731E1BB7827B00B04A97 /* AppCodaSocialFrameworkTutorialTests */,
				3D8673291BB7827B00B04A97 /* AppCodaSocialFrameworkTutorialUITests */,
				3D8673081BB7827B00B04A97 /* Products */,
			);
			sourceTree = "<group>";
		};
		3D8673081BB7827B00B04A97 /* Products */ = {
			isa = PBXGroup;
			children = (
				3D8673071BB7827B00B04A97 /* AppCodaSocialFrameworkTutorial.app */,
				3D86731B1BB7827B00B04A97 /* AppCodaSocialFrameworkTutorialTests.xctest */,
				3D8673261BB7827B00B04A97 /* AppCodaSocialFrameworkTutorialUITests.xctest */,
			);
			name = Products;
			sourceTree = "<group>";
		};
		3D8673091BB7827B00B04A97 /* AppCodaSocialFrameworkTutorial */ = {
			isa = PBXGroup;
			children = (
				3D86730A1BB7827B00B04A97 /* AppDelegate.swift */,
				3D86730C1BB7827B00B04A97 /* ViewController.swift */,
				3D86730E1BB7827B00B04A97 /* Main.storyboard */,
				3D8673111BB7827B00B04A97 /* Assets.xcassets */,
				3D8673131BB7827B00B04A97 /* LaunchScreen.storyboard */,
				3D8673161BB7827B00B04A97 /* Info.plist */,
			);
			path = AppCodaSocialFrameworkTutorial;
			sourceTree = "<group>";
		};
		3D86731E1BB7827B00B04A97 /* AppCodaSocialFrameworkTutorialTests */ = {
			isa = PBXGroup;
			children = (
				3D86731F1BB7827B00B04A97 /* AppCodaSocialFrameworkTutorialTests.swift */,
				3D8673211BB7827B00B04A97 /* Info.plist */,
			);
			path = AppCodaSocialFrameworkTutorialTests;
			sourceTree = "<group>";
		};
		3D8673291BB7827B00B04A97 /* AppCodaSocialFrameworkTutorialUITests */ = {
			isa = PBXGroup;
			children = (
				3D86732A1BB7827B00B04A97 /* AppCodaSocialFrameworkTutorialUITests.swift */,
				3D86732C1BB7827B00B04A97 /* Info.plist */,
			);
			path = AppCodaSocialFrameworkTutorialUITests;
			sourceTree = "<group>";
		};
/* End PBXGroup section */

/* Begin PBXNativeTarget section */
		3D8673061BB7827B00B04A97 /* AppCodaSocialFrameworkTutorial */ = {
			isa = PBXNativeTarget;
			buildConfigurationList = 3D86732F1BB7827B00B04A97 /* Build configuration list for PBXNativeTarget "AppCodaSocialFrameworkTutorial" */;
			buildPhases = (
				3D8673031BB7827B00B04A97 /* Sources */,
				3D8673041BB7827B00B04A97 /* Frameworks */,
				3D8673051BB7827B00B04A97 /* Resources */,
			);
			buildRules = (
			);
			dependencies = (
			);
			name = AppCodaSocialFrameworkTutorial;
			productName = AppCodaSocialFrameworkTutorial;
			productReference = 3D8673071BB7827B00B04A97 /* AppCodaSocialFrameworkTutorial.app */;
			productType = "com.apple.product-type.application";
		};
		3D86731A1BB7827B00B04A97 /* AppCodaSocialFrameworkTutorialTests */ = {
			isa = PBXNativeTarget;
			buildConfigurationList = 3D8673321BB7827B00B04A97 /* Build configuration list for PBXNativeTarget "AppCodaSocialFrameworkTutorialTests" */;
			buildPhases = (
				3D8673171BB7827B00B04A97 /* Sources */,
				3D8673181BB7827B00B04A97 /* Frameworks */,
				3D8673191BB7827B00B04A97 /* Resources */,
			);
			buildRules = (
			);
			dependencies = (
				3D86731D1BB7827B00B04A97 /* PBXTargetDependency */,
			);
			name = AppCodaSocialFrameworkTutorialTests;
			productName = AppCodaSocialFrameworkTutorialTests;
			productReference = 3D86731B1BB7827B00B04A97 /* AppCodaSocialFrameworkTutorialTests.xctest */;
			productType = "com.apple.product-type.bundle.unit-test";
		};
		3D8673251BB7827B00B04A97 /* AppCodaSocialFrameworkTutorialUITests */ = {
			isa = PBXNativeTarget;
			buildConfigurationList = 3D8673351BB7827B00B04A97 /* Build configuration list for PBXNativeTarget "AppCodaSocialFrameworkTutorialUITests" */;
			buildPhases = (
				3D8673221BB7827B00B04A97 /* Sources */,
				3D8673231BB7827B00B04A97 /* Frameworks */,
				3D8673241BB7827B00B04A97 /* Resources */,
			);
			buildRules = (
			);
			dependencies = (
				3D8673281BB7827B00B04A97 /* PBXTargetDependency */,
			);
			name = AppCodaSocialFrameworkTutorialUITests;
			productName = AppCodaSocialFrameworkTutorialUITests;
			productReference = 3D8673261BB7827B00B04A97 /* AppCodaSocialFrameworkTutorialUITests.xctest */;
			productType = "com.apple.product-type.bundle.ui-testing";
		};
/* End PBXNativeTarget section */

/* Begin PBXProject section */
		3D8672FF1BB7827B00B04A97 /* Project object */ = {
			isa = PBXProject;
			attributes = {
				LastUpgradeCheck = 0710;
				ORGANIZATIONNAME = "Cynthia Whitlatch";
				TargetAttributes = {
					3D8673061BB7827B00B04A97 = {
						CreatedOnToolsVersion = 7.1;
					};
					3D86731A1BB7827B00B04A97 = {
						CreatedOnToolsVersion = 7.1;
						TestTargetID = 3D8673061BB7827B00B04A97;
					};
					3D8673251BB7827B00B04A97 = {
						CreatedOnToolsVersion = 7.1;
						TestTargetID = 3D8673061BB7827B00B04A97;
					};
				};
			};
			buildConfigurationList = 3D8673021BB7827B00B04A97 /* Build configuration list for PBXProject "AppCodaSocialFrameworkTutorial" */;
			compatibilityVersion = "Xcode 3.2";
			developmentRegion = English;
			hasScannedForEncodings = 0;
			knownRegions = (
				en,
				Base,
			);
			mainGroup = 3D8672FE1BB7827B00B04A97;
			productRefGroup = 3D8673081BB7827B00B04A97 /* Products */;
			projectDirPath = "";
			projectRoot = "";
			targets = (
				3D8673061BB7827B00B04A97 /* AppCodaSocialFrameworkTutorial */,
				3D86731A1BB7827B00B04A97 /* AppCodaSocialFrameworkTutorialTests */,
				3D8673251BB7827B00B04A97 /* AppCodaSocialFrameworkTutorialUITests */,
			);
		};
/* End PBXProject section */

/* Begin PBXResourcesBuildPhase section */
		3D8673051BB7827B00B04A97 /* Resources */ = {
			isa = PBXResourcesBuildPhase;
			buildActionMask = 2147483647;
			files = (
				3D8673151BB7827B00B04A97 /* LaunchScreen.storyboard in Resources */,
				3D8673121BB7827B00B04A97 /* Assets.xcassets in Resources */,
				3D8673101BB7827B00B04A97 /* Main.storyboard in Resources */,
			);
			runOnlyForDeploymentPostprocessing = 0;
		};
		3D8673191BB7827B00B04A97 /* Resources */ = {
			isa = PBXResourcesBuildPhase;
			buildActionMask = 2147483647;
			files = (
			);
			runOnlyForDeploymentPostprocessing = 0;
		};
		3D8673241BB7827B00B04A97 /* Resources */ = {
			isa = PBXResourcesBuildPhase;
			buildActionMask = 2147483647;
			files = (
			);
			runOnlyForDeploymentPostprocessing = 0;
		};
/* End PBXResourcesBuildPhase section */

/* Begin PBXSourcesBuildPhase section */
		3D8673031BB7827B00B04A97 /* Sources */ = {
			isa = PBXSourcesBuildPhase;
			buildActionMask = 2147483647;
			files = (
				3D86730D1BB7827B00B04A97 /* ViewController.swift in Sources */,
				3D86730B1BB7827B00B04A97 /* AppDelegate.swift in Sources */,
			);
			runOnlyForDeploymentPostprocessing = 0;
		};
		3D8673171BB7827B00B04A97 /* Sources */ = {
			isa = PBXSourcesBuildPhase;
			buildActionMask = 2147483647;
			files = (
				3D8673201BB7827B00B04A97 /* AppCodaSocialFrameworkTutorialTests.swift in Sources */,
			);
			runOnlyForDeploymentPostprocessing = 0;
		};
		3D8673221BB7827B00B04A97 /* Sources */ = {
			isa = PBXSourcesBuildPhase;
			buildActionMask = 2147483647;
			files = (
				3D86732B1BB7827B00B04A97 /* AppCodaSocialFrameworkTutorialUITests.swift in Sources */,
			);
			runOnlyForDeploymentPostprocessing = 0;
		};
/* End PBXSourcesBuildPhase section */

/* Begin PBXTargetDependency section */
		3D86731D1BB7827B00B04A97 /* PBXTargetDependency */ = {
			isa = PBXTargetDependency;
			target = 3D8673061BB7827B00B04A97 /* AppCodaSocialFrameworkTutorial */;
			targetProxy = 3D86731C1BB7827B00B04A97 /* PBXContainerItemProxy */;
		};
		3D8673281BB7827B00B04A97 /* PBXTargetDependency */ = {
			isa = PBXTargetDependency;
			target = 3D8673061BB7827B00B04A97 /* AppCodaSocialFrameworkTutorial */;
			targetProxy = 3D8673271BB7827B00B04A97 /* PBXContainerItemProxy */;
		};
/* End PBXTargetDependency section */

/* Begin PBXVariantGroup section */
		3D86730E1BB7827B00B04A97 /* Main.storyboard */ = {
			isa = PBXVariantGroup;
			children = (
				3D86730F1BB7827B00B04A97 /* Base */,
			);
			name = Main.storyboard;
			sourceTree = "<group>";
		};
		3D8673131BB7827B00B04A97 /* LaunchScreen.storyboard */ = {
			isa = PBXVariantGroup;
			children = (
				3D8673141BB7827B00B04A97 /* Base */,
			);
			name = LaunchScreen.storyboard;
			sourceTree = "<group>";
		};
/* End PBXVariantGroup section */

/* Begin XCBuildConfiguration section */
		3D86732D1BB7827B00B04A97 /* Debug */ = {
			isa = XCBuildConfiguration;
			buildSettings = {
				ALWAYS_SEARCH_USER_PATHS = NO;
				CLANG_CXX_LANGUAGE_STANDARD = "gnu++0x";
				CLANG_CXX_LIBRARY = "libc++";
				CLANG_ENABLE_MODULES = YES;
				CLANG_ENABLE_OBJC_ARC = YES;
				CLANG_WARN_BOOL_CONVERSION = YES;
				CLANG_WARN_CONSTANT_CONVERSION = YES;
				CLANG_WARN_DIRECT_OBJC_ISA_USAGE = YES_ERROR;
				CLANG_WARN_EMPTY_BODY = YES;
				CLANG_WARN_ENUM_CONVERSION = YES;
				CLANG_WARN_INT_CONVERSION = YES;
				CLANG_WARN_OBJC_ROOT_CLASS = YES_ERROR;
				CLANG_WARN_UNREACHABLE_CODE = YES;
				CLANG_WARN__DUPLICATE_METHOD_MATCH = YES;
				"CODE_SIGN_IDENTITY[sdk=iphoneos*]" = "iPhone Developer";
				COPY_PHASE_STRIP = NO;
				DEBUG_INFORMATION_FORMAT = dwarf;
				ENABLE_STRICT_OBJC_MSGSEND = YES;
				ENABLE_TESTABILITY = YES;
				GCC_C_LANGUAGE_STANDARD = gnu99;
				GCC_DYNAMIC_NO_PIC = NO;
				GCC_NO_COMMON_BLOCKS = YES;
				GCC_OPTIMIZATION_LEVEL = 0;
				GCC_PREPROCESSOR_DEFINITIONS = (
					"DEBUG=1",
					"$(inherited)",
				);
				GCC_WARN_64_TO_32_BIT_CONVERSION = YES;
				GCC_WARN_ABOUT_RETURN_TYPE = YES_ERROR;
				GCC_WARN_UNDECLARED_SELECTOR = YES;
				GCC_WARN_UNINITIALIZED_AUTOS = YES_AGGRESSIVE;
				GCC_WARN_UNUSED_FUNCTION = YES;
				GCC_WARN_UNUSED_VARIABLE = YES;
				IPHONEOS_DEPLOYMENT_TARGET = 9.1;
				MTL_ENABLE_DEBUG_INFO = YES;
				ONLY_ACTIVE_ARCH = YES;
				SDKROOT = iphoneos;
				SWIFT_OPTIMIZATION_LEVEL = "-Onone";
			};
			name = Debug;
		};
		3D86732E1BB7827B00B04A97 /* Release */ = {
			isa = XCBuildConfiguration;
			buildSettings = {
				ALWAYS_SEARCH_USER_PATHS = NO;
				CLANG_CXX_LANGUAGE_STANDARD = "gnu++0x";
				CLANG_CXX_LIBRARY = "libc++";
				CLANG_ENABLE_MODULES = YES;
				CLANG_ENABLE_OBJC_ARC = YES;
				CLANG_WARN_BOOL_CONVERSION = YES;
				CLANG_WARN_CONSTANT_CONVERSION = YES;
				CLANG_WARN_DIRECT_OBJC_ISA_USAGE = YES_ERROR;
				CLANG_WARN_EMPTY_BODY = YES;
				CLANG_WARN_ENUM_CONVERSION = YES;
				CLANG_WARN_INT_CONVERSION = YES;
				CLANG_WARN_OBJC_ROOT_CLASS = YES_ERROR;
				CLANG_WARN_UNREACHABLE_CODE = YES;
				CLANG_WARN__DUPLICATE_METHOD_MATCH = YES;
				"CODE_SIGN_IDENTITY[sdk=iphoneos*]" = "iPhone Developer";
				COPY_PHASE_STRIP = NO;
				DEBUG_INFORMATION_FORMAT = "dwarf-with-dsym";
				ENABLE_NS_ASSERTIONS = NO;
				ENABLE_STRICT_OBJC_MSGSEND = YES;
				GCC_C_LANGUAGE_STANDARD = gnu99;
				GCC_NO_COMMON_BLOCKS = YES;
				GCC_WARN_64_TO_32_BIT_CONVERSION = YES;
				GCC_WARN_ABOUT_RETURN_TYPE = YES_ERROR;
				GCC_WARN_UNDECLARED_SELECTOR = YES;
				GCC_WARN_UNINITIALIZED_AUTOS = YES_AGGRESSIVE;
				GCC_WARN_UNUSED_FUNCTION = YES;
				GCC_WARN_UNUSED_VARIABLE = YES;
				IPHONEOS_DEPLOYMENT_TARGET = 9.1;
				MTL_ENABLE_DEBUG_INFO = NO;
				SDKROOT = iphoneos;
				VALIDATE_PRODUCT = YES;
			};
			name = Release;
		};
		3D8673301BB7827B00B04A97 /* Debug */ = {
			isa = XCBuildConfiguration;
			buildSettings = {
				ASSETCATALOG_COMPILER_APPICON_NAME = AppIcon;
				INFOPLIST_FILE = AppCodaSocialFrameworkTutorial/Info.plist;
				LD_RUNPATH_SEARCH_PATHS = "$(inherited) @executable_path/Frameworks";
				PRODUCT_BUNDLE_IDENTIFIER = com.cynthia.AppCodaSocialFrameworkTutorial;
				PRODUCT_NAME = "$(TARGET_NAME)";
			};
			name = Debug;
		};
		3D8673311BB7827B00B04A97 /* Release */ = {
			isa = XCBuildConfiguration;
			buildSettings = {
				ASSETCATALOG_COMPILER_APPICON_NAME = AppIcon;
				INFOPLIST_FILE = AppCodaSocialFrameworkTutorial/Info.plist;
				LD_RUNPATH_SEARCH_PATHS = "$(inherited) @executable_path/Frameworks";
				PRODUCT_BUNDLE_IDENTIFIER = com.cynthia.AppCodaSocialFrameworkTutorial;
				PRODUCT_NAME = "$(TARGET_NAME)";
			};
			name = Release;
		};
		3D8673331BB7827B00B04A97 /* Debug */ = {
			isa = XCBuildConfiguration;
			buildSettings = {
				BUNDLE_LOADER = "$(TEST_HOST)";
				INFOPLIST_FILE = AppCodaSocialFrameworkTutorialTests/Info.plist;
				LD_RUNPATH_SEARCH_PATHS = "$(inherited) @executable_path/Frameworks @loader_path/Frameworks";
				PRODUCT_BUNDLE_IDENTIFIER = com.cynthia.AppCodaSocialFrameworkTutorialTests;
				PRODUCT_NAME = "$(TARGET_NAME)";
				TEST_HOST = "$(BUILT_PRODUCTS_DIR)/AppCodaSocialFrameworkTutorial.app/AppCodaSocialFrameworkTutorial";
			};
			name = Debug;
		};
		3D8673341BB7827B00B04A97 /* Release */ = {
			isa = XCBuildConfiguration;
			buildSettings = {
				BUNDLE_LOADER = "$(TEST_HOST)";
				INFOPLIST_FILE = AppCodaSocialFrameworkTutorialTests/Info.plist;
				LD_RUNPATH_SEARCH_PATHS = "$(inherited) @executable_path/Frameworks @loader_path/Frameworks";
				PRODUCT_BUNDLE_IDENTIFIER = com.cynthia.AppCodaSocialFrameworkTutorialTests;
				PRODUCT_NAME = "$(TARGET_NAME)";
				TEST_HOST = "$(BUILT_PRODUCTS_DIR)/AppCodaSocialFrameworkTutorial.app/AppCodaSocialFrameworkTutorial";
			};
			name = Release;
		};
		3D8673361BB7827B00B04A97 /* Debug */ = {
			isa = XCBuildConfiguration;
			buildSettings = {
				INFOPLIST_FILE = AppCodaSocialFrameworkTutorialUITests/Info.plist;
				LD_RUNPATH_SEARCH_PATHS = "$(inherited) @executable_path/Frameworks @loader_path/Frameworks";
				PRODUCT_BUNDLE_IDENTIFIER = com.cynthia.AppCodaSocialFrameworkTutorialUITests;
				PRODUCT_NAME = "$(TARGET_NAME)";
				TEST_TARGET_NAME = AppCodaSocialFrameworkTutorial;
				USES_XCTRUNNER = YES;
			};
			name = Debug;
		};
		3D8673371BB7827B00B04A97 /* Release */ = {
			isa = XCBuildConfiguration;
			buildSettings = {
				INFOPLIST_FILE = AppCodaSocialFrameworkTutorialUITests/Info.plist;
				LD_RUNPATH_SEARCH_PATHS = "$(inherited) @executable_path/Frameworks @loader_path/Frameworks";
				PRODUCT_BUNDLE_IDENTIFIER = com.cynthia.AppCodaSocialFrameworkTutorialUITests;
				PRODUCT_NAME = "$(TARGET_NAME)";
				TEST_TARGET_NAME = AppCodaSocialFrameworkTutorial;
				USES_XCTRUNNER = YES;
			};
			name = Release;
		};
/* End XCBuildConfiguration section */

/* Begin XCConfigurationList section */
		3D8673021BB7827B00B04A97 /* Build configuration list for PBXProject "AppCodaSocialFrameworkTutorial" */ = {
			isa = XCConfigurationList;
			buildConfigurations = (
				3D86732D1BB7827B00B04A97 /* Debug */,
				3D86732E1BB7827B00B04A97 /* Release */,
			);
			defaultConfigurationIsVisible = 0;
			defaultConfigurationName = Release;
		};
		3D86732F1BB7827B00B04A97 /* Build configuration list for PBXNativeTarget "AppCodaSocialFrameworkTutorial" */ = {
			isa = XCConfigurationList;
			buildConfigurations = (
				3D8673301BB7827B00B04A97 /* Debug */,
				3D8673311BB7827B00B04A97 /* Release */,
			);
			defaultConfigurationIsVisible = 0;
		};
		3D8673321BB7827B00B04A97 /* Build configuration list for PBXNativeTarget "AppCodaSocialFrameworkTutorialTests" */ = {
			isa = XCConfigurationList;
			buildConfigurations = (
				3D8673331BB7827B00B04A97 /* Debug */,
				3D8673341BB7827B00B04A97 /* Release */,
			);
			defaultConfigurationIsVisible = 0;
		};
		3D8673351BB7827B00B04A97 /* Build configuration list for PBXNativeTarget "AppCodaSocialFrameworkTutorialUITests" */ = {
			isa = XCConfigurationList;
			buildConfigurations = (
				3D8673361BB7827B00B04A97 /* Debug */,
				3D8673371BB7827B00B04A97 /* Release */,
			);
			defaultConfigurationIsVisible = 0;
		};
/* End XCConfigurationList section */
	};
	rootObject = 3D8672FF1BB7827B00B04A97 /* Project object */;
}
